
Microsoft Visual Studio Solution File, Format Version 12.00
# Visual Studio 15
VisualStudioVersion = 15.0.27004.2005
MinimumVisualStudioVersion = 10.0.40219.1
Project("{FAE04EC0-301F-11D3-BF4B-00C04F79EFBC}") = "LittleAdventureGame", "LittleAdventureGame\LittleAdventureGame.csproj", "{9AE57418-13FB-4129-B4D4-9F5F4C4EC1EC}"
EndProject
Project("{FAE04EC0-301F-11D3-BF4B-00C04F79EFBC}") = "Engine", "Engine\Engine.csproj", "{CD2EA338-5960-4577-874E-D2EABD9CB0E4}"
EndProject
Global
	GlobalSection(SolutionConfigurationPlatforms) = preSolution
		Debug|Any CPU = Debug|Any CPU
		Release|Any CPU = Release|Any CPU
	EndGlobalSection
	GlobalSection(ProjectConfigurationPlatforms) = postSolution
		{9AE57418-13FB-4129-B4D4-9F5F4C4EC1EC}.Debug|Any CPU.ActiveCfg = Debug|Any CPU
		{9AE57418-13FB-4129-B4D4-9F5F4C4EC1EC}.Debug|Any CPU.Build.0 = Debug|Any CPU
		{9AE57418-13FB-4129-B4D4-9F5F4C4EC1EC}.Release|Any CPU.ActiveCfg = Release|Any CPU
		{9AE57418-13FB-4129-B4D4-9F5F4C4EC1EC}.Release|Any CPU.Build.0 = Release|Any CPU
		{CD2EA338-5960-4577-874E-D2EABD9CB0E4}.Debug|Any CPU.ActiveCfg = Debug|Any CPU
		{CD2EA338-5960-4577-874E-D2EABD9CB0E4}.Debug|Any CPU.Build.0 = Debug|Any CPU
		{CD2EA338-5960-4577-874E-D2EABD9CB0E4}.Release|Any CPU.ActiveCfg = Release|Any CPU
		{CD2EA338-5960-4577-874E-D2EABD9CB0E4}.Release|Any CPU.Build.0 = Release|Any CPU
	EndGlobalSection
	GlobalSection(SolutionProperties) = preSolution
		HideSolutionNode = FALSE
	EndGlobalSection
	GlobalSection(ExtensibilityGlobals) = postSolution
		SolutionGuid = {F9C7D464-7A93-42E4-B46A-BF384770D5F9}
	EndGlobalSection
EndGlobal
